Microsoft Visual Studio Solution File, Format Version 12.00
# Visual Studio Version 17
VisualStudioVersion = 17.5.2.0
MinimumVisualStudioVersion = 10.0.40219.1
Project("{FAE04EC0-301F-11D3-BF4B-00C04F79EFBC}") = "Lab4_OOP", "Lab4_OOP.csproj", "{B2734231-4E44-E072-F097-4CCE9DDD58FB}"
EndProject
Global
	GlobalSection(SolutionConfigurationPlatforms) = preSolution
		Debug|Any CPU = Debug|Any CPU
		Release|Any CPU = Release|Any CPU
	EndGlobalSection
	GlobalSection(ProjectConfigurationPlatforms) = postSolution
		{B2734231-4E44-E072-F097-4CCE9DDD58FB}.Debug|Any CPU.ActiveCfg = Debug|Any CPU
		{B2734231-4E44-E072-F097-4CCE9DDD58FB}.Debug|Any CPU.Build.0 = Debug|Any CPU
		{B2734231-4E44-E072-F097-4CCE9DDD58FB}.Release|Any CPU.ActiveCfg = Release|Any CPU
		{B2734231-4E44-E072-F097-4CCE9DDD58FB}.Release|Any CPU.Build.0 = Release|Any CPU
	EndGlobalSection
	GlobalSection(SolutionProperties) = preSolution
		HideSolutionNode = FALSE
	EndGlobalSection
	GlobalSection(ExtensibilityGlobals) = postSolution
		SolutionGuid = {5F3051AE-BDBD-4617-AFDE-CF1F02A014FA}
	EndGlobalSection
EndGlobal
